
Microsoft Visual Studio Solution File, Format Version 12.00
# Visual Studio Version 17
VisualStudioVersion = 17.2.32526.322
MinimumVisualStudioVersion = 10.0.40219.1
Project("{FAE04EC0-301F-11D3-BF4B-00C04F79EFBC}") = "Modify Employees On MongoDB", "Modify Employees On MongoDB\Modify Employees On MongoDB.csproj", "{C8CD6CD8-AA44-421B-A1A5-CFD77C56DCAA}"
EndProject
Global
	GlobalSection(SolutionConfigurationPlatforms) = preSolution
		Debug|Any CPU = Debug|Any CPU
		Release|Any CPU = Release|Any CPU
	EndGlobalSection
	GlobalSection(ProjectConfigurationPlatforms) = postSolution
		{C8CD6CD8-AA44-421B-A1A5-CFD77C56DCAA}.Debug|Any CPU.ActiveCfg = Debug|Any CPU
		{C8CD6CD8-AA44-421B-A1A5-CFD77C56DCAA}.Debug|Any CPU.Build.0 = Debug|Any CPU
		{C8CD6CD8-AA44-421B-A1A5-CFD77C56DCAA}.Release|Any CPU.ActiveCfg = Release|Any CPU
		{C8CD6CD8-AA44-421B-A1A5-CFD77C56DCAA}.Release|Any CPU.Build.0 = Release|Any CPU
	EndGlobalSection
	GlobalSection(SolutionProperties) = preSolution
		HideSolutionNode = FALSE
	EndGlobalSection
	GlobalSection(ExtensibilityGlobals) = postSolution
		SolutionGuid = {8037D72B-D4B8-470B-A06E-BB76AD31BB0E}
	EndGlobalSection
EndGlobal
